
Microsoft Visual Studio Solution File, Format Version 12.00
# Visual Studio Version 17
VisualStudioVersion = 17.8.34309.116
MinimumVisualStudioVersion = 10.0.40219.1
Project("{FAE04EC0-301F-11D3-BF4B-00C04F79EFBC}") = "MVCIDentity", "MVCIDentity.csproj", "{17D5120B-7AA9-44D4-9E27-12FDB6F1607C}"
EndProject
Global
	GlobalSection(SolutionConfigurationPlatforms) = preSolution
		Debug|Any CPU = Debug|Any CPU
		Release|Any CPU = Release|Any CPU
	EndGlobalSection
	GlobalSection(ProjectConfigurationPlatforms) = postSolution
		{17D5120B-7AA9-44D4-9E27-12FDB6F1607C}.Debug|Any CPU.ActiveCfg = Debug|Any CPU
		{17D5120B-7AA9-44D4-9E27-12FDB6F1607C}.Debug|Any CPU.Build.0 = Debug|Any CPU
		{17D5120B-7AA9-44D4-9E27-12FDB6F1607C}.Release|Any CPU.ActiveCfg = Release|Any CPU
		{17D5120B-7AA9-44D4-9E27-12FDB6F1607C}.Release|Any CPU.Build.0 = Release|Any CPU
	EndGlobalSection
	GlobalSection(SolutionProperties) = preSolution
		HideSolutionNode = FALSE
	EndGlobalSection
	GlobalSection(ExtensibilityGlobals) = postSolution
		SolutionGuid = {BD9510D7-A22C-45B7-979A-28617966EC92}
	EndGlobalSection
EndGlobal
